
Microsoft Visual Studio Solution File, Format Version 12.00
# Visual Studio 2012
Project("{FAE04EC0-301F-11D3-BF4B-00C04F79EFBC}") = "MvxImageViewBindingSample.Core", "MvxImageViewBindingSample.Core\MvxImageViewBindingSample.Core.csproj", "{78BEF1A9-6CCF-498E-AA8F-846C4D990318}"
EndProject
Project("{FAE04EC0-301F-11D3-BF4B-00C04F79EFBC}") = "MvxImageViewBindingSample.Droid", "MvxImageViewBindingSample.Droid\MvxImageViewBindingSample.Droid.csproj", "{3A3B2BAC-3729-4C45-B187-14BF759A86B1}"
EndProject
Project("{FAE04EC0-301F-11D3-BF4B-00C04F79EFBC}") = "MvxImageViewBindingSample.Touch", "MvxImageViewBindingSample.Touch\MvxImageViewBindingSample.Touch.csproj", "{596E6432-5DA0-46D9-BA61-209488F721A0}"
EndProject
Project("{2150E333-8FDC-42A3-9474-1A3956D46DE8}") = "MvvmCross", "MvvmCross", "{B9EE8F26-D9B2-4DED-9D52-6AE7D19CD9B6}"
EndProject
Project("{FAE04EC0-301F-11D3-BF4B-00C04F79EFBC}") = "Cirrious.CrossCore", "..\MvvmCross\CrossCore\Cirrious.CrossCore\Cirrious.CrossCore.csproj", "{CFF6F25A-3C3B-44EE-A54C-2ED4AAFF3ADB}"
EndProject
Project("{FAE04EC0-301F-11D3-BF4B-00C04F79EFBC}") = "Cirrious.CrossCore.Droid", "..\MvvmCross\CrossCore\Cirrious.CrossCore.Droid\Cirrious.CrossCore.Droid.csproj", "{CAF8935F-56FE-4485-9D34-4A38FE79F6C9}"
EndProject
Project("{FAE04EC0-301F-11D3-BF4B-00C04F79EFBC}") = "Cirrious.CrossCore.Touch", "..\MvvmCross\CrossCore\Cirrious.CrossCore.Touch\Cirrious.CrossCore.Touch.csproj", "{BBBCD850-E7CB-4B6C-86D9-CE01F2B1C81C}"
EndProject
Project("{FAE04EC0-301F-11D3-BF4B-00C04F79EFBC}") = "Cirrious.MvvmCross.Localization", "..\MvvmCross\Cirrious\Cirrious.MvvmCross.Localization\Cirrious.MvvmCross.Localization.csproj", "{D89351C1-D48F-4AD0-A0B9-353A93425AB7}"
EndProject
Project("{FAE04EC0-301F-11D3-BF4B-00C04F79EFBC}") = "Cirrious.MvvmCross", "..\MvvmCross\Cirrious\Cirrious.MvvmCross\Cirrious.MvvmCross.csproj", "{B6E27475-E7D0-448C-A5CC-5097DCA1E2DD}"
EndProject
Project("{FAE04EC0-301F-11D3-BF4B-00C04F79EFBC}") = "Cirrious.MvvmCross.Droid", "..\MvvmCross\Cirrious\Cirrious.MvvmCross.Droid\Cirrious.MvvmCross.Droid.csproj", "{7A6BE137-D0F1-46A1-AE5C-81FAEEDDDF02}"
EndProject
Project("{FAE04EC0-301F-11D3-BF4B-00C04F79EFBC}") = "Cirrious.MvvmCross.Touch", "..\MvvmCross\Cirrious\Cirrious.MvvmCross.Touch\Cirrious.MvvmCross.Touch.csproj", "{E042EDD9-E89D-4928-BF4D-27F0FC29CEDA}"
EndProject
Project("{FAE04EC0-301F-11D3-BF4B-00C04F79EFBC}") = "Cirrious.MvvmCross.Binding", "..\MvvmCross\Cirrious\Cirrious.MvvmCross.Binding\Cirrious.MvvmCross.Binding.csproj", "{64DCD397-9019-41E8-A928-E5F5C5DF185B}"
EndProject
Project("{FAE04EC0-301F-11D3-BF4B-00C04F79EFBC}") = "Cirrious.MvvmCross.Binding.Droid", "..\MvvmCross\Cirrious\Cirrious.MvvmCross.Binding.Droid\Cirrious.MvvmCross.Binding.Droid.csproj", "{47FD89C3-19DC-4BD2-9B6D-FB8363BE7EB9}"
EndProject
Project("{FAE04EC0-301F-11D3-BF4B-00C04F79EFBC}") = "Cirrious.MvvmCross.Binding.Touch", "..\MvvmCross\Cirrious\Cirrious.MvvmCross.Binding.Touch\Cirrious.MvvmCross.Binding.Touch.csproj", "{913B13B5-7B2C-4DDA-BECB-DADC827ED895}"
EndProject
Project("{FAE04EC0-301F-11D3-BF4B-00C04F79EFBC}") = "System.Windows.Droid", "..\MvvmCross\PortableSupport\System.Windows\System.Windows.Droid.csproj", "{72D13EE1-53A3-4A9F-9281-AE44CC5E92AC}"
EndProject
Project("{FAE04EC0-301F-11D3-BF4B-00C04F79EFBC}") = "Cirrious.MvvmCross.Plugins.File", "..\MvvmCross\Plugins\Cirrious\File\Cirrious.MvvmCross.Plugins.File\Cirrious.MvvmCross.Plugins.File.csproj", "{19EE04D6-7EE0-4FE8-AB10-4623D93F165A}"
EndProject
Project("{FAE04EC0-301F-11D3-BF4B-00C04F79EFBC}") = "Cirrious.MvvmCross.Plugins.File.Droid", "..\MvvmCross\Plugins\Cirrious\File\Cirrious.MvvmCross.Plugins.File.Droid\Cirrious.MvvmCross.Plugins.File.Droid.csproj", "{EE2D94C9-032E-4EBE-B3D5-6A585D03F188}"
EndProject
Project("{FAE04EC0-301F-11D3-BF4B-00C04F79EFBC}") = "Cirrious.MvvmCross.Plugins.File.Touch", "..\MvvmCross\Plugins\Cirrious\File\Cirrious.MvvmCross.Plugins.File.Touch\Cirrious.MvvmCross.Plugins.File.Touch.csproj", "{5B8CF261-197A-48AF-BC7C-899CF81AA187}"
EndProject
Project("{FAE04EC0-301F-11D3-BF4B-00C04F79EFBC}") = "Cirrious.MvvmCross.Plugins.DownloadCache", "..\MvvmCross\Plugins\Cirrious\DownloadCache\Cirrious.MvvmCross.Plugins.DownloadCache\Cirrious.MvvmCross.Plugins.DownloadCache.csproj", "{60A80EB8-2056-4771-8600-03A8DA417CFB}"
EndProject
Project("{FAE04EC0-301F-11D3-BF4B-00C04F79EFBC}") = "Cirrious.MvvmCross.Plugins.DownloadCache.Droid", "..\MvvmCross\Plugins\Cirrious\DownloadCache\Cirrious.MvvmCross.Plugins.DownloadCache.Droid\Cirrious.MvvmCross.Plugins.DownloadCache.Droid.csproj", "{81A58551-7D1C-4687-A5A5-C73EB5F15563}"
EndProject
Project("{FAE04EC0-301F-11D3-BF4B-00C04F79EFBC}") = "Cirrious.MvvmCross.Plugins.DownloadCache.Touch", "..\MvvmCross\Plugins\Cirrious\DownloadCache\Cirrious.MvvmCross.Plugins.DownloadCache.Touch\Cirrious.MvvmCross.Plugins.DownloadCache.Touch.csproj", "{59452E25-103C-4677-AB2A-E0D33B9FBDDA}"
EndProject
Global
	GlobalSection(SolutionConfigurationPlatforms) = preSolution
		Debug|Any CPU = Debug|Any CPU
		Release|Any CPU = Release|Any CPU
		Debug|iPhoneSimulator = Debug|iPhoneSimulator
		Release|iPhoneSimulator = Release|iPhoneSimulator
		Debug|iPhone = Debug|iPhone
		Release|iPhone = Release|iPhone
		Ad-Hoc|iPhone = Ad-Hoc|iPhone
		AppStore|iPhone = AppStore|iPhone
	EndGlobalSection
	GlobalSection(ProjectConfigurationPlatforms) = postSolution
		{19EE04D6-7EE0-4FE8-AB10-4623D93F165A}.Ad-Hoc|iPhone.ActiveCfg = Debug|Any CPU
		{19EE04D6-7EE0-4FE8-AB10-4623D93F165A}.Ad-Hoc|iPhone.Build.0 = Debug|Any CPU
		{19EE04D6-7EE0-4FE8-AB10-4623D93F165A}.AppStore|iPhone.ActiveCfg = Debug|Any CPU
		{19EE04D6-7EE0-4FE8-AB10-4623D93F165A}.AppStore|iPhone.Build.0 = Debug|Any CPU
		{19EE04D6-7EE0-4FE8-AB10-4623D93F165A}.Debug|Any CPU.ActiveCfg = Debug|Any CPU
		{19EE04D6-7EE0-4FE8-AB10-4623D93F165A}.Debug|Any CPU.Build.0 = Debug|Any CPU
		{19EE04D6-7EE0-4FE8-AB10-4623D93F165A}.Debug|iPhone.ActiveCfg = Debug|Any CPU
		{19EE04D6-7EE0-4FE8-AB10-4623D93F165A}.Debug|iPhone.Build.0 = Debug|Any CPU
		{19EE04D6-7EE0-4FE8-AB10-4623D93F165A}.Debug|iPhoneSimulator.ActiveCfg = Debug|Any CPU
		{19EE04D6-7EE0-4FE8-AB10-4623D93F165A}.Debug|iPhoneSimulator.Build.0 = Debug|Any CPU
		{19EE04D6-7EE0-4FE8-AB10-4623D93F165A}.Release|Any CPU.ActiveCfg = Release|Any CPU
		{19EE04D6-7EE0-4FE8-AB10-4623D93F165A}.Release|Any CPU.Build.0 = Release|Any CPU
		{19EE04D6-7EE0-4FE8-AB10-4623D93F165A}.Release|iPhone.ActiveCfg = Release|Any CPU
		{19EE04D6-7EE0-4FE8-AB10-4623D93F165A}.Release|iPhone.Build.0 = Release|Any CPU
		{19EE04D6-7EE0-4FE8-AB10-4623D93F165A}.Release|iPhoneSimulator.ActiveCfg = Release|Any CPU
		{19EE04D6-7EE0-4FE8-AB10-4623D93F165A}.Release|iPhoneSimulator.Build.0 = Release|Any CPU
		{3A3B2BAC-3729-4C45-B187-14BF759A86B1}.Ad-Hoc|iPhone.ActiveCfg = Debug|Any CPU
		{3A3B2BAC-3729-4C45-B187-14BF759A86B1}.Ad-Hoc|iPhone.Build.0 = Debug|Any CPU
		{3A3B2BAC-3729-4C45-B187-14BF759A86B1}.AppStore|iPhone.ActiveCfg = Debug|Any CPU
		{3A3B2BAC-3729-4C45-B187-14BF759A86B1}.AppStore|iPhone.Build.0 = Debug|Any CPU
		{3A3B2BAC-3729-4C45-B187-14BF759A86B1}.Debug|Any CPU.ActiveCfg = Debug|Any CPU
		{3A3B2BAC-3729-4C45-B187-14BF759A86B1}.Debug|Any CPU.Build.0 = Debug|Any CPU
		{3A3B2BAC-3729-4C45-B187-14BF759A86B1}.Debug|iPhone.ActiveCfg = Debug|Any CPU
		{3A3B2BAC-3729-4C45-B187-14BF759A86B1}.Debug|iPhone.Build.0 = Debug|Any CPU
		{3A3B2BAC-3729-4C45-B187-14BF759A86B1}.Debug|iPhoneSimulator.ActiveCfg = Debug|Any CPU
		{3A3B2BAC-3729-4C45-B187-14BF759A86B1}.Debug|iPhoneSimulator.Build.0 = Debug|Any CPU
		{3A3B2BAC-3729-4C45-B187-14BF759A86B1}.Release|Any CPU.ActiveCfg = Release|Any CPU
		{3A3B2BAC-3729-4C45-B187-14BF759A86B1}.Release|Any CPU.Build.0 = Release|Any CPU
		{3A3B2BAC-3729-4C45-B187-14BF759A86B1}.Release|iPhone.ActiveCfg = Release|Any CPU
		{3A3B2BAC-3729-4C45-B187-14BF759A86B1}.Release|iPhone.Build.0 = Release|Any CPU
		{3A3B2BAC-3729-4C45-B187-14BF759A86B1}.Release|iPhoneSimulator.ActiveCfg = Release|Any CPU
		{3A3B2BAC-3729-4C45-B187-14BF759A86B1}.Release|iPhoneSimulator.Build.0 = Release|Any CPU
		{47FD89C3-19DC-4BD2-9B6D-FB8363BE7EB9}.Ad-Hoc|iPhone.ActiveCfg = Debug|Any CPU
		{47FD89C3-19DC-4BD2-9B6D-FB8363BE7EB9}.Ad-Hoc|iPhone.Build.0 = Debug|Any CPU
		{47FD89C3-19DC-4BD2-9B6D-FB8363BE7EB9}.AppStore|iPhone.ActiveCfg = Debug|Any CPU
		{47FD89C3-19DC-4BD2-9B6D-FB8363BE7EB9}.AppStore|iPhone.Build.0 = Debug|Any CPU
		{47FD89C3-19DC-4BD2-9B6D-FB8363BE7EB9}.Debug|Any CPU.ActiveCfg = Debug|Any CPU
		{47FD89C3-19DC-4BD2-9B6D-FB8363BE7EB9}.Debug|Any CPU.Build.0 = Debug|Any CPU
		{47FD89C3-19DC-4BD2-9B6D-FB8363BE7EB9}.Debug|iPhone.ActiveCfg = Debug|Any CPU
		{47FD89C3-19DC-4BD2-9B6D-FB8363BE7EB9}.Debug|iPhone.Build.0 = Debug|Any CPU
		{47FD89C3-19DC-4BD2-9B6D-FB8363BE7EB9}.Debug|iPhoneSimulator.ActiveCfg = Debug|Any CPU
		{47FD89C3-19DC-4BD2-9B6D-FB8363BE7EB9}.Debug|iPhoneSimulator.Build.0 = Debug|Any CPU
		{47FD89C3-19DC-4BD2-9B6D-FB8363BE7EB9}.Release|Any CPU.ActiveCfg = Release|Any CPU
		{47FD89C3-19DC-4BD2-9B6D-FB8363BE7EB9}.Release|Any CPU.Build.0 = Release|Any CPU
		{47FD89C3-19DC-4BD2-9B6D-FB8363BE7EB9}.Release|iPhone.ActiveCfg = Release|Any CPU
		{47FD89C3-19DC-4BD2-9B6D-FB8363BE7EB9}.Release|iPhone.Build.0 = Release|Any CPU
		{47FD89C3-19DC-4BD2-9B6D-FB8363BE7EB9}.Release|iPhoneSimulator.ActiveCfg = Release|Any CPU
		{47FD89C3-19DC-4BD2-9B6D-FB8363BE7EB9}.Release|iPhoneSimulator.Build.0 = Release|Any CPU
		{59452E25-103C-4677-AB2A-E0D33B9FBDDA}.Ad-Hoc|iPhone.ActiveCfg = Debug|Any CPU
		{59452E25-103C-4677-AB2A-E0D33B9FBDDA}.Ad-Hoc|iPhone.Build.0 = Debug|Any CPU
		{59452E25-103C-4677-AB2A-E0D33B9FBDDA}.AppStore|iPhone.ActiveCfg = Debug|Any CPU
		{59452E25-103C-4677-AB2A-E0D33B9FBDDA}.AppStore|iPhone.Build.0 = Debug|Any CPU
		{59452E25-103C-4677-AB2A-E0D33B9FBDDA}.Debug|Any CPU.ActiveCfg = Debug|Any CPU
		{59452E25-103C-4677-AB2A-E0D33B9FBDDA}.Debug|Any CPU.Build.0 = Debug|Any CPU
		{59452E25-103C-4677-AB2A-E0D33B9FBDDA}.Debug|iPhone.ActiveCfg = Debug|Any CPU
		{59452E25-103C-4677-AB2A-E0D33B9FBDDA}.Debug|iPhone.Build.0 = Debug|Any CPU
		{59452E25-103C-4677-AB2A-E0D33B9FBDDA}.Debug|iPhoneSimulator.ActiveCfg = Debug|Any CPU
		{59452E25-103C-4677-AB2A-E0D33B9FBDDA}.Debug|iPhoneSimulator.Build.0 = Debug|Any CPU
		{59452E25-103C-4677-AB2A-E0D33B9FBDDA}.Release|Any CPU.ActiveCfg = Release|Any CPU
		{59452E25-103C-4677-AB2A-E0D33B9FBDDA}.Release|Any CPU.Build.0 = Release|Any CPU
		{59452E25-103C-4677-AB2A-E0D33B9FBDDA}.Release|iPhone.ActiveCfg = Release|Any CPU
		{59452E25-103C-4677-AB2A-E0D33B9FBDDA}.Release|iPhone.Build.0 = Release|Any CPU
		{59452E25-103C-4677-AB2A-E0D33B9FBDDA}.Release|iPhoneSimulator.ActiveCfg = Release|Any CPU
		{59452E25-103C-4677-AB2A-E0D33B9FBDDA}.Release|iPhoneSimulator.Build.0 = Release|Any CPU
		{596E6432-5DA0-46D9-BA61-209488F721A0}.Ad-Hoc|iPhone.ActiveCfg = Ad-Hoc|iPhone
		{596E6432-5DA0-46D9-BA61-209488F721A0}.Ad-Hoc|iPhone.Build.0 = Ad-Hoc|iPhone
		{596E6432-5DA0-46D9-BA61-209488F721A0}.AppStore|iPhone.ActiveCfg = AppStore|iPhone
		{596E6432-5DA0-46D9-BA61-209488F721A0}.AppStore|iPhone.Build.0 = AppStore|iPhone
		{596E6432-5DA0-46D9-BA61-209488F721A0}.Debug|Any CPU.ActiveCfg = Debug|iPhoneSimulator
		{596E6432-5DA0-46D9-BA61-209488F721A0}.Debug|Any CPU.Build.0 = Debug|iPhoneSimulator
		{596E6432-5DA0-46D9-BA61-209488F721A0}.Debug|iPhone.ActiveCfg = Debug|iPhone
		{596E6432-5DA0-46D9-BA61-209488F721A0}.Debug|iPhone.Build.0 = Debug|iPhone
		{596E6432-5DA0-46D9-BA61-209488F721A0}.Debug|iPhoneSimulator.ActiveCfg = Debug|iPhoneSimulator
		{596E6432-5DA0-46D9-BA61-209488F721A0}.Debug|iPhoneSimulator.Build.0 = Debug|iPhoneSimulator
		{596E6432-5DA0-46D9-BA61-209488F721A0}.Release|Any CPU.ActiveCfg = Release|iPhoneSimulator
		{596E6432-5DA0-46D9-BA61-209488F721A0}.Release|Any CPU.Build.0 = Release|iPhoneSimulator
		{596E6432-5DA0-46D9-BA61-209488F721A0}.Release|iPhone.ActiveCfg = Release|iPhone
		{596E6432-5DA0-46D9-BA61-209488F721A0}.Release|iPhone.Build.0 = Release|iPhone
		{596E6432-5DA0-46D9-BA61-209488F721A0}.Release|iPhoneSimulator.ActiveCfg = Release|iPhoneSimulator
		{596E6432-5DA0-46D9-BA61-209488F721A0}.Release|iPhoneSimulator.Build.0 = Release|iPhoneSimulator
		{5B8CF261-197A-48AF-BC7C-899CF81AA187}.Ad-Hoc|iPhone.ActiveCfg = Debug|Any CPU
		{5B8CF261-197A-48AF-BC7C-899CF81AA187}.Ad-Hoc|iPhone.Build.0 = Debug|Any CPU
		{5B8CF261-197A-48AF-BC7C-899CF81AA187}.AppStore|iPhone.ActiveCfg = Debug|Any CPU
		{5B8CF261-197A-48AF-BC7C-899CF81AA187}.AppStore|iPhone.Build.0 = Debug|Any CPU
		{5B8CF261-197A-48AF-BC7C-899CF81AA187}.Debug|Any CPU.ActiveCfg = Debug|Any CPU
		{5B8CF261-197A-48AF-BC7C-899CF81AA187}.Debug|Any CPU.Build.0 = Debug|Any CPU
		{5B8CF261-197A-48AF-BC7C-899CF81AA187}.Debug|iPhone.ActiveCfg = Debug|Any CPU
		{5B8CF261-197A-48AF-BC7C-899CF81AA187}.Debug|iPhone.Build.0 = Debug|Any CPU
		{5B8CF261-197A-48AF-BC7C-899CF81AA187}.Debug|iPhoneSimulator.ActiveCfg = Debug|Any CPU
		{5B8CF261-197A-48AF-BC7C-899CF81AA187}.Debug|iPhoneSimulator.Build.0 = Debug|Any CPU
		{5B8CF261-197A-48AF-BC7C-899CF81AA187}.Release|Any CPU.ActiveCfg = Release|Any CPU
		{5B8CF261-197A-48AF-BC7C-899CF81AA187}.Release|Any CPU.Build.0 = Release|Any CPU
		{5B8CF261-197A-48AF-BC7C-899CF81AA187}.Release|iPhone.ActiveCfg = Release|Any CPU
		{5B8CF261-197A-48AF-BC7C-899CF81AA187}.Release|iPhone.Build.0 = Release|Any CPU
		{5B8CF261-197A-48AF-BC7C-899CF81AA187}.Release|iPhoneSimulator.ActiveCfg = Release|Any CPU
		{5B8CF261-197A-48AF-BC7C-899CF81AA187}.Release|iPhoneSimulator.Build.0 = Release|Any CPU
		{60A80EB8-2056-4771-8600-03A8DA417CFB}.Ad-Hoc|iPhone.ActiveCfg = Debug|Any CPU
		{60A80EB8-2056-4771-8600-03A8DA417CFB}.Ad-Hoc|iPhone.Build.0 = Debug|Any CPU
		{60A80EB8-2056-4771-8600-03A8DA417CFB}.AppStore|iPhone.ActiveCfg = Debug|Any CPU
		{60A80EB8-2056-4771-8600-03A8DA417CFB}.AppStore|iPhone.Build.0 = Debug|Any CPU
		{60A80EB8-2056-4771-8600-03A8DA417CFB}.Debug|Any CPU.ActiveCfg = Debug|Any CPU
		{60A80EB8-2056-4771-8600-03A8DA417CFB}.Debug|Any CPU.Build.0 = Debug|Any CPU
		{60A80EB8-2056-4771-8600-03A8DA417CFB}.Debug|iPhone.ActiveCfg = Debug|Any CPU
		{60A80EB8-2056-4771-8600-03A8DA417CFB}.Debug|iPhone.Build.0 = Debug|Any CPU
		{60A80EB8-2056-4771-8600-03A8DA417CFB}.Debug|iPhoneSimulator.ActiveCfg = Debug|Any CPU
		{60A80EB8-2056-4771-8600-03A8DA417CFB}.Debug|iPhoneSimulator.Build.0 = Debug|Any CPU
		{60A80EB8-2056-4771-8600-03A8DA417CFB}.Release|Any CPU.ActiveCfg = Release|Any CPU
		{60A80EB8-2056-4771-8600-03A8DA417CFB}.Release|Any CPU.Build.0 = Release|Any CPU
		{60A80EB8-2056-4771-8600-03A8DA417CFB}.Release|iPhone.ActiveCfg = Release|Any CPU
		{60A80EB8-2056-4771-8600-03A8DA417CFB}.Release|iPhone.Build.0 = Release|Any CPU
		{60A80EB8-2056-4771-8600-03A8DA417CFB}.Release|iPhoneSimulator.ActiveCfg = Release|Any CPU
		{60A80EB8-2056-4771-8600-03A8DA417CFB}.Release|iPhoneSimulator.Build.0 = Release|Any CPU
		{64DCD397-9019-41E8-A928-E5F5C5DF185B}.Ad-Hoc|iPhone.ActiveCfg = Debug|Any CPU
		{64DCD397-9019-41E8-A928-E5F5C5DF185B}.Ad-Hoc|iPhone.Build.0 = Debug|Any CPU
		{64DCD397-9019-41E8-A928-E5F5C5DF185B}.AppStore|iPhone.ActiveCfg = Debug|Any CPU
		{64DCD397-9019-41E8-A928-E5F5C5DF185B}.AppStore|iPhone.Build.0 = Debug|Any CPU
		{64DCD397-9019-41E8-A928-E5F5C5DF185B}.Debug|Any CPU.ActiveCfg = Debug|Any CPU
		{64DCD397-9019-41E8-A928-E5F5C5DF185B}.Debug|Any CPU.Build.0 = Debug|Any CPU
		{64DCD397-9019-41E8-A928-E5F5C5DF185B}.Debug|iPhone.ActiveCfg = Debug|Any CPU
		{64DCD397-9019-41E8-A928-E5F5C5DF185B}.Debug|iPhone.Build.0 = Debug|Any CPU
		{64DCD397-9019-41E8-A928-E5F5C5DF185B}.Debug|iPhoneSimulator.ActiveCfg = Debug|Any CPU
		{64DCD397-9019-41E8-A928-E5F5C5DF185B}.Debug|iPhoneSimulator.Build.0 = Debug|Any CPU
		{64DCD397-9019-41E8-A928-E5F5C5DF185B}.Release|Any CPU.ActiveCfg = Release|Any CPU
		{64DCD397-9019-41E8-A928-E5F5C5DF185B}.Release|Any CPU.Build.0 = Release|Any CPU
		{64DCD397-9019-41E8-A928-E5F5C5DF185B}.Release|iPhone.ActiveCfg = Release|Any CPU
		{64DCD397-9019-41E8-A928-E5F5C5DF185B}.Release|iPhone.Build.0 = Release|Any CPU
		{64DCD397-9019-41E8-A928-E5F5C5DF185B}.Release|iPhoneSimulator.ActiveCfg = Release|Any CPU
		{64DCD397-9019-41E8-A928-E5F5C5DF185B}.Release|iPhoneSimulator.Build.0 = Release|Any CPU
		{72D13EE1-53A3-4A9F-9281-AE44CC5E92AC}.Ad-Hoc|iPhone.ActiveCfg = Debug|Any CPU
		{72D13EE1-53A3-4A9F-9281-AE44CC5E92AC}.Ad-Hoc|iPhone.Build.0 = Debug|Any CPU
		{72D13EE1-53A3-4A9F-9281-AE44CC5E92AC}.AppStore|iPhone.ActiveCfg = Debug|Any CPU
		{72D13EE1-53A3-4A9F-9281-AE44CC5E92AC}.AppStore|iPhone.Build.0 = Debug|Any CPU
		{72D13EE1-53A3-4A9F-9281-AE44CC5E92AC}.Debug|Any CPU.ActiveCfg = Debug|Any CPU
		{72D13EE1-53A3-4A9F-9281-AE44CC5E92AC}.Debug|Any CPU.Build.0 = Debug|Any CPU
		{72D13EE1-53A3-4A9F-9281-AE44CC5E92AC}.Debug|iPhone.ActiveCfg = Debug|Any CPU
		{72D13EE1-53A3-4A9F-9281-AE44CC5E92AC}.Debug|iPhone.Build.0 = Debug|Any CPU
		{72D13EE1-53A3-4A9F-9281-AE44CC5E92AC}.Debug|iPhoneSimulator.ActiveCfg = Debug|Any CPU
		{72D13EE1-53A3-4A9F-9281-AE44CC5E92AC}.Debug|iPhoneSimulator.Build.0 = Debug|Any CPU
		{72D13EE1-53A3-4A9F-9281-AE44CC5E92AC}.Release|Any CPU.ActiveCfg = Release|Any CPU
		{72D13EE1-53A3-4A9F-9281-AE44CC5E92AC}.Release|Any CPU.Build.0 = Release|Any CPU
		{72D13EE1-53A3-4A9F-9281-AE44CC5E92AC}.Release|iPhone.ActiveCfg = Release|Any CPU
		{72D13EE1-53A3-4A9F-9281-AE44CC5E92AC}.Release|iPhone.Build.0 = Release|Any CPU
		{72D13EE1-53A3-4A9F-9281-AE44CC5E92AC}.Release|iPhoneSimulator.ActiveCfg = Release|Any CPU
		{72D13EE1-53A3-4A9F-9281-AE44CC5E92AC}.Release|iPhoneSimulator.Build.0 = Release|Any CPU
		{78BEF1A9-6CCF-498E-AA8F-846C4D990318}.Ad-Hoc|iPhone.ActiveCfg = Debug|Any CPU
		{78BEF1A9-6CCF-498E-AA8F-846C4D990318}.Ad-Hoc|iPhone.Build.0 = Debug|Any CPU
		{78BEF1A9-6CCF-498E-AA8F-846C4D990318}.AppStore|iPhone.ActiveCfg = Debug|Any CPU
		{78BEF1A9-6CCF-498E-AA8F-846C4D990318}.AppStore|iPhone.Build.0 = Debug|Any CPU
		{78BEF1A9-6CCF-498E-AA8F-846C4D990318}.Debug|Any CPU.ActiveCfg = Debug|Any CPU
		{78BEF1A9-6CCF-498E-AA8F-846C4D990318}.Debug|Any CPU.Build.0 = Debug|Any CPU
		{78BEF1A9-6CCF-498E-AA8F-846C4D990318}.Debug|iPhone.ActiveCfg = Debug|Any CPU
		{78BEF1A9-6CCF-498E-AA8F-846C4D990318}.Debug|iPhone.Build.0 = Debug|Any CPU
		{78BEF1A9-6CCF-498E-AA8F-846C4D990318}.Debug|iPhoneSimulator.ActiveCfg = Debug|Any CPU
		{78BEF1A9-6CCF-498E-AA8F-846C4D990318}.Debug|iPhoneSimulator.Build.0 = Debug|Any CPU
		{78BEF1A9-6CCF-498E-AA8F-846C4D990318}.Release|Any CPU.ActiveCfg = Release|Any CPU
		{78BEF1A9-6CCF-498E-AA8F-846C4D990318}.Release|Any CPU.Build.0 = Release|Any CPU
		{78BEF1A9-6CCF-498E-AA8F-846C4D990318}.Release|iPhone.ActiveCfg = Release|Any CPU
		{78BEF1A9-6CCF-498E-AA8F-846C4D990318}.Release|iPhone.Build.0 = Release|Any CPU
		{78BEF1A9-6CCF-498E-AA8F-846C4D990318}.Release|iPhoneSimulator.ActiveCfg = Release|Any CPU
		{78BEF1A9-6CCF-498E-AA8F-846C4D990318}.Release|iPhoneSimulator.Build.0 = Release|Any CPU
		{7A6BE137-D0F1-46A1-AE5C-81FAEEDDDF02}.Ad-Hoc|iPhone.ActiveCfg = Debug|Any CPU
		{7A6BE137-D0F1-46A1-AE5C-81FAEEDDDF02}.Ad-Hoc|iPhone.Build.0 = Debug|Any CPU
		{7A6BE137-D0F1-46A1-AE5C-81FAEEDDDF02}.AppStore|iPhone.ActiveCfg = Debug|Any CPU
		{7A6BE137-D0F1-46A1-AE5C-81FAEEDDDF02}.AppStore|iPhone.Build.0 = Debug|Any CPU
		{7A6BE137-D0F1-46A1-AE5C-81FAEEDDDF02}.Debug|Any CPU.ActiveCfg = Debug|Any CPU
		{7A6BE137-D0F1-46A1-AE5C-81FAEEDDDF02}.Debug|Any CPU.Build.0 = Debug|Any CPU
		{7A6BE137-D0F1-46A1-AE5C-81FAEEDDDF02}.Debug|iPhone.ActiveCfg = Debug|Any CPU
		{7A6BE137-D0F1-46A1-AE5C-81FAEEDDDF02}.Debug|iPhone.Build.0 = Debug|Any CPU
		{7A6BE137-D0F1-46A1-AE5C-81FAEEDDDF02}.Debug|iPhoneSimulator.ActiveCfg = Debug|Any CPU
		{7A6BE137-D0F1-46A1-AE5C-81FAEEDDDF02}.Debug|iPhoneSimulator.Build.0 = Debug|Any CPU
		{7A6BE137-D0F1-46A1-AE5C-81FAEEDDDF02}.Release|Any CPU.ActiveCfg = Release|Any CPU
		{7A6BE137-D0F1-46A1-AE5C-81FAEEDDDF02}.Release|Any CPU.Build.0 = Release|Any CPU
		{7A6BE137-D0F1-46A1-AE5C-81FAEEDDDF02}.Release|iPhone.ActiveCfg = Release|Any CPU
		{7A6BE137-D0F1-46A1-AE5C-81FAEEDDDF02}.Release|iPhone.Build.0 = Release|Any CPU
		{7A6BE137-D0F1-46A1-AE5C-81FAEEDDDF02}.Release|iPhoneSimulator.ActiveCfg = Release|Any CPU
		{7A6BE137-D0F1-46A1-AE5C-81FAEEDDDF02}.Release|iPhoneSimulator.Build.0 = Release|Any CPU
		{81A58551-7D1C-4687-A5A5-C73EB5F15563}.Ad-Hoc|iPhone.ActiveCfg = Debug|Any CPU
		{81A58551-7D1C-4687-A5A5-C73EB5F15563}.Ad-Hoc|iPhone.Build.0 = Debug|Any CPU
		{81A58551-7D1C-4687-A5A5-C73EB5F15563}.AppStore|iPhone.ActiveCfg = Debug|Any CPU
		{81A58551-7D1C-4687-A5A5-C73EB5F15563}.AppStore|iPhone.Build.0 = Debug|Any CPU
		{81A58551-7D1C-4687-A5A5-C73EB5F15563}.Debug|Any CPU.ActiveCfg = Debug|Any CPU
		{81A58551-7D1C-4687-A5A5-C73EB5F15563}.Debug|Any CPU.Build.0 = Debug|Any CPU
		{81A58551-7D1C-4687-A5A5-C73EB5F15563}.Debug|iPhone.ActiveCfg = Debug|Any CPU
		{81A58551-7D1C-4687-A5A5-C73EB5F15563}.Debug|iPhone.Build.0 = Debug|Any CPU
		{81A58551-7D1C-4687-A5A5-C73EB5F15563}.Debug|iPhoneSimulator.ActiveCfg = Debug|Any CPU
		{81A58551-7D1C-4687-A5A5-C73EB5F15563}.Debug|iPhoneSimulator.Build.0 = Debug|Any CPU
		{81A58551-7D1C-4687-A5A5-C73EB5F15563}.Release|Any CPU.ActiveCfg = Release|Any CPU
		{81A58551-7D1C-4687-A5A5-C73EB5F15563}.Release|Any CPU.Build.0 = Release|Any CPU
		{81A58551-7D1C-4687-A5A5-C73EB5F15563}.Release|iPhone.ActiveCfg = Release|Any CPU
		{81A58551-7D1C-4687-A5A5-C73EB5F15563}.Release|iPhone.Build.0 = Release|Any CPU
		{81A58551-7D1C-4687-A5A5-C73EB5F15563}.Release|iPhoneSimulator.ActiveCfg = Release|Any CPU
		{81A58551-7D1C-4687-A5A5-C73EB5F15563}.Release|iPhoneSimulator.Build.0 = Release|Any CPU
		{913B13B5-7B2C-4DDA-BECB-DADC827ED895}.Ad-Hoc|iPhone.ActiveCfg = Debug|Any CPU
		{913B13B5-7B2C-4DDA-BECB-DADC827ED895}.Ad-Hoc|iPhone.Build.0 = Debug|Any CPU
		{913B13B5-7B2C-4DDA-BECB-DADC827ED895}.AppStore|iPhone.ActiveCfg = Debug|Any CPU
		{913B13B5-7B2C-4DDA-BECB-DADC827ED895}.AppStore|iPhone.Build.0 = Debug|Any CPU
		{913B13B5-7B2C-4DDA-BECB-DADC827ED895}.Debug|Any CPU.ActiveCfg = Debug|Any CPU
		{913B13B5-7B2C-4DDA-BECB-DADC827ED895}.Debug|Any CPU.Build.0 = Debug|Any CPU
		{913B13B5-7B2C-4DDA-BECB-DADC827ED895}.Debug|iPhone.ActiveCfg = Debug|Any CPU
		{913B13B5-7B2C-4DDA-BECB-DADC827ED895}.Debug|iPhone.Build.0 = Debug|Any CPU
		{913B13B5-7B2C-4DDA-BECB-DADC827ED895}.Debug|iPhoneSimulator.ActiveCfg = Debug|Any CPU
		{913B13B5-7B2C-4DDA-BECB-DADC827ED895}.Debug|iPhoneSimulator.Build.0 = Debug|Any CPU
		{913B13B5-7B2C-4DDA-BECB-DADC827ED895}.Release|Any CPU.ActiveCfg = Release|Any CPU
		{913B13B5-7B2C-4DDA-BECB-DADC827ED895}.Release|Any CPU.Build.0 = Release|Any CPU
		{913B13B5-7B2C-4DDA-BECB-DADC827ED895}.Release|iPhone.ActiveCfg = Release|Any CPU
		{913B13B5-7B2C-4DDA-BECB-DADC827ED895}.Release|iPhone.Build.0 = Release|Any CPU
		{913B13B5-7B2C-4DDA-BECB-DADC827ED895}.Release|iPhoneSimulator.ActiveCfg = Release|Any CPU
		{913B13B5-7B2C-4DDA-BECB-DADC827ED895}.Release|iPhoneSimulator.Build.0 = Release|Any CPU
		{B6E27475-E7D0-448C-A5CC-5097DCA1E2DD}.Ad-Hoc|iPhone.ActiveCfg = Debug|Any CPU
		{B6E27475-E7D0-448C-A5CC-5097DCA1E2DD}.Ad-Hoc|iPhone.Build.0 = Debug|Any CPU
		{B6E27475-E7D0-448C-A5CC-5097DCA1E2DD}.AppStore|iPhone.ActiveCfg = Debug|Any CPU
		{B6E27475-E7D0-448C-A5CC-5097DCA1E2DD}.AppStore|iPhone.Build.0 = Debug|Any CPU
		{B6E27475-E7D0-448C-A5CC-5097DCA1E2DD}.Debug|Any CPU.ActiveCfg = Debug|Any CPU
		{B6E27475-E7D0-448C-A5CC-5097DCA1E2DD}.Debug|Any CPU.Build.0 = Debug|Any CPU
		{B6E27475-E7D0-448C-A5CC-5097DCA1E2DD}.Debug|iPhone.ActiveCfg = Debug|Any CPU
		{B6E27475-E7D0-448C-A5CC-5097DCA1E2DD}.Debug|iPhone.Build.0 = Debug|Any CPU
		{B6E27475-E7D0-448C-A5CC-5097DCA1E2DD}.Debug|iPhoneSimulator.ActiveCfg = Debug|Any CPU
		{B6E27475-E7D0-448C-A5CC-5097DCA1E2DD}.Debug|iPhoneSimulator.Build.0 = Debug|Any CPU
		{B6E27475-E7D0-448C-A5CC-5097DCA1E2DD}.Release|Any CPU.ActiveCfg = Release|Any CPU
		{B6E27475-E7D0-448C-A5CC-5097DCA1E2DD}.Release|Any CPU.Build.0 = Release|Any CPU
		{B6E27475-E7D0-448C-A5CC-5097DCA1E2DD}.Release|iPhone.ActiveCfg = Release|Any CPU
		{B6E27475-E7D0-448C-A5CC-5097DCA1E2DD}.Release|iPhone.Build.0 = Release|Any CPU
		{B6E27475-E7D0-448C-A5CC-5097DCA1E2DD}.Release|iPhoneSimulator.ActiveCfg = Release|Any CPU
		{B6E27475-E7D0-448C-A5CC-5097DCA1E2DD}.Release|iPhoneSimulator.Build.0 = Release|Any CPU
		{BBBCD850-E7CB-4B6C-86D9-CE01F2B1C81C}.Ad-Hoc|iPhone.ActiveCfg = Debug|Any CPU
		{BBBCD850-E7CB-4B6C-86D9-CE01F2B1C81C}.Ad-Hoc|iPhone.Build.0 = Debug|Any CPU
		{BBBCD850-E7CB-4B6C-86D9-CE01F2B1C81C}.AppStore|iPhone.ActiveCfg = Debug|Any CPU
		{BBBCD850-E7CB-4B6C-86D9-CE01F2B1C81C}.AppStore|iPhone.Build.0 = Debug|Any CPU
		{BBBCD850-E7CB-4B6C-86D9-CE01F2B1C81C}.Debug|Any CPU.ActiveCfg = Debug|Any CPU
		{BBBCD850-E7CB-4B6C-86D9-CE01F2B1C81C}.Debug|Any CPU.Build.0 = Debug|Any CPU
		{BBBCD850-E7CB-4B6C-86D9-CE01F2B1C81C}.Debug|iPhone.ActiveCfg = Debug|Any CPU
		{BBBCD850-E7CB-4B6C-86D9-CE01F2B1C81C}.Debug|iPhone.Build.0 = Debug|Any CPU
		{BBBCD850-E7CB-4B6C-86D9-CE01F2B1C81C}.Debug|iPhoneSimulator.ActiveCfg = Debug|Any CPU
		{BBBCD850-E7CB-4B6C-86D9-CE01F2B1C81C}.Debug|iPhoneSimulator.Build.0 = Debug|Any CPU
		{BBBCD850-E7CB-4B6C-86D9-CE01F2B1C81C}.Release|Any CPU.ActiveCfg = Release|Any CPU
		{BBBCD850-E7CB-4B6C-86D9-CE01F2B1C81C}.Release|Any CPU.Build.0 = Release|Any CPU
		{BBBCD850-E7CB-4B6C-86D9-CE01F2B1C81C}.Release|iPhone.ActiveCfg = Release|Any CPU
		{BBBCD850-E7CB-4B6C-86D9-CE01F2B1C81C}.Release|iPhone.Build.0 = Release|Any CPU
		{BBBCD850-E7CB-4B6C-86D9-CE01F2B1C81C}.Release|iPhoneSimulator.ActiveCfg = Release|Any CPU
		{BBBCD850-E7CB-4B6C-86D9-CE01F2B1C81C}.Release|iPhoneSimulator.Build.0 = Release|Any CPU
		{CAF8935F-56FE-4485-9D34-4A38FE79F6C9}.Ad-Hoc|iPhone.ActiveCfg = Debug|Any CPU
		{CAF8935F-56FE-4485-9D34-4A38FE79F6C9}.Ad-Hoc|iPhone.Build.0 = Debug|Any CPU
		{CAF8935F-56FE-4485-9D34-4A38FE79F6C9}.AppStore|iPhone.ActiveCfg = Debug|Any CPU
		{CAF8935F-56FE-4485-9D34-4A38FE79F6C9}.AppStore|iPhone.Build.0 = Debug|Any CPU
		{CAF8935F-56FE-4485-9D34-4A38FE79F6C9}.Debug|Any CPU.ActiveCfg = Debug|Any CPU
		{CAF8935F-56FE-4485-9D34-4A38FE79F6C9}.Debug|Any CPU.Build.0 = Debug|Any CPU
		{CAF8935F-56FE-4485-9D34-4A38FE79F6C9}.Debug|iPhone.ActiveCfg = Debug|Any CPU
		{CAF8935F-56FE-4485-9D34-4A38FE79F6C9}.Debug|iPhone.Build.0 = Debug|Any CPU
		{CAF8935F-56FE-4485-9D34-4A38FE79F6C9}.Debug|iPhoneSimulator.ActiveCfg = Debug|Any CPU
		{CAF8935F-56FE-4485-9D34-4A38FE79F6C9}.Debug|iPhoneSimulator.Build.0 = Debug|Any CPU
		{CAF8935F-56FE-4485-9D34-4A38FE79F6C9}.Release|Any CPU.ActiveCfg = Release|Any CPU
		{CAF8935F-56FE-4485-9D34-4A38FE79F6C9}.Release|Any CPU.Build.0 = Release|Any CPU
		{CAF8935F-56FE-4485-9D34-4A38FE79F6C9}.Release|iPhone.ActiveCfg = Release|Any CPU
		{CAF8935F-56FE-4485-9D34-4A38FE79F6C9}.Release|iPhone.Build.0 = Release|Any CPU
		{CAF8935F-56FE-4485-9D34-4A38FE79F6C9}.Release|iPhoneSimulator.ActiveCfg = Release|Any CPU
		{CAF8935F-56FE-4485-9D34-4A38FE79F6C9}.Release|iPhoneSimulator.Build.0 = Release|Any CPU
		{CFF6F25A-3C3B-44EE-A54C-2ED4AAFF3ADB}.Ad-Hoc|iPhone.ActiveCfg = Debug|Any CPU
		{CFF6F25A-3C3B-44EE-A54C-2ED4AAFF3ADB}.Ad-Hoc|iPhone.Build.0 = Debug|Any CPU
		{CFF6F25A-3C3B-44EE-A54C-2ED4AAFF3ADB}.AppStore|iPhone.ActiveCfg = Debug|Any CPU
		{CFF6F25A-3C3B-44EE-A54C-2ED4AAFF3ADB}.AppStore|iPhone.Build.0 = Debug|Any CPU
		{CFF6F25A-3C3B-44EE-A54C-2ED4AAFF3ADB}.Debug|Any CPU.ActiveCfg = Debug|Any CPU
		{CFF6F25A-3C3B-44EE-A54C-2ED4AAFF3ADB}.Debug|Any CPU.Build.0 = Debug|Any CPU
		{CFF6F25A-3C3B-44EE-A54C-2ED4AAFF3ADB}.Debug|iPhone.ActiveCfg = Debug|Any CPU
		{CFF6F25A-3C3B-44EE-A54C-2ED4AAFF3ADB}.Debug|iPhone.Build.0 = Debug|Any CPU
		{CFF6F25A-3C3B-44EE-A54C-2ED4AAFF3ADB}.Debug|iPhoneSimulator.ActiveCfg = Debug|Any CPU
		{CFF6F25A-3C3B-44EE-A54C-2ED4AAFF3ADB}.Debug|iPhoneSimulator.Build.0 = Debug|Any CPU
		{CFF6F25A-3C3B-44EE-A54C-2ED4AAFF3ADB}.Release|Any CPU.ActiveCfg = Release|Any CPU
		{CFF6F25A-3C3B-44EE-A54C-2ED4AAFF3ADB}.Release|Any CPU.Build.0 = Release|Any CPU
		{CFF6F25A-3C3B-44EE-A54C-2ED4AAFF3ADB}.Release|iPhone.ActiveCfg = Release|Any CPU
		{CFF6F25A-3C3B-44EE-A54C-2ED4AAFF3ADB}.Release|iPhone.Build.0 = Release|Any CPU
		{CFF6F25A-3C3B-44EE-A54C-2ED4AAFF3ADB}.Release|iPhoneSimulator.ActiveCfg = Release|Any CPU
		{CFF6F25A-3C3B-44EE-A54C-2ED4AAFF3ADB}.Release|iPhoneSimulator.Build.0 = Release|Any CPU
		{D89351C1-D48F-4AD0-A0B9-353A93425AB7}.Ad-Hoc|iPhone.ActiveCfg = Debug|Any CPU
		{D89351C1-D48F-4AD0-A0B9-353A93425AB7}.Ad-Hoc|iPhone.Build.0 = Debug|Any CPU
		{D89351C1-D48F-4AD0-A0B9-353A93425AB7}.AppStore|iPhone.ActiveCfg = Debug|Any CPU
		{D89351C1-D48F-4AD0-A0B9-353A93425AB7}.AppStore|iPhone.Build.0 = Debug|Any CPU
		{D89351C1-D48F-4AD0-A0B9-353A93425AB7}.Debug|Any CPU.ActiveCfg = Debug|Any CPU
		{D89351C1-D48F-4AD0-A0B9-353A93425AB7}.Debug|Any CPU.Build.0 = Debug|Any CPU
		{D89351C1-D48F-4AD0-A0B9-353A93425AB7}.Debug|iPhone.ActiveCfg = Debug|Any CPU
		{D89351C1-D48F-4AD0-A0B9-353A93425AB7}.Debug|iPhone.Build.0 = Debug|Any CPU
		{D89351C1-D48F-4AD0-A0B9-353A93425AB7}.Debug|iPhoneSimulator.ActiveCfg = Debug|Any CPU
		{D89351C1-D48F-4AD0-A0B9-353A93425AB7}.Debug|iPhoneSimulator.Build.0 = Debug|Any CPU
		{D89351C1-D48F-4AD0-A0B9-353A93425AB7}.Release|Any CPU.ActiveCfg = Release|Any CPU
		{D89351C1-D48F-4AD0-A0B9-353A93425AB7}.Release|Any CPU.Build.0 = Release|Any CPU
		{D89351C1-D48F-4AD0-A0B9-353A93425AB7}.Release|iPhone.ActiveCfg = Release|Any CPU
		{D89351C1-D48F-4AD0-A0B9-353A93425AB7}.Release|iPhone.Build.0 = Release|Any CPU
		{D89351C1-D48F-4AD0-A0B9-353A93425AB7}.Release|iPhoneSimulator.ActiveCfg = Release|Any CPU
		{D89351C1-D48F-4AD0-A0B9-353A93425AB7}.Release|iPhoneSimulator.Build.0 = Release|Any CPU
		{E042EDD9-E89D-4928-BF4D-27F0FC29CEDA}.Ad-Hoc|iPhone.ActiveCfg = Debug|Any CPU
		{E042EDD9-E89D-4928-BF4D-27F0FC29CEDA}.Ad-Hoc|iPhone.Build.0 = Debug|Any CPU
		{E042EDD9-E89D-4928-BF4D-27F0FC29CEDA}.AppStore|iPhone.ActiveCfg = Debug|Any CPU
		{E042EDD9-E89D-4928-BF4D-27F0FC29CEDA}.AppStore|iPhone.Build.0 = Debug|Any CPU
		{E042EDD9-E89D-4928-BF4D-27F0FC29CEDA}.Debug|Any CPU.ActiveCfg = Debug|Any CPU
		{E042EDD9-E89D-4928-BF4D-27F0FC29CEDA}.Debug|Any CPU.Build.0 = Debug|Any CPU
		{E042EDD9-E89D-4928-BF4D-27F0FC29CEDA}.Debug|iPhone.ActiveCfg = Debug|Any CPU
		{E042EDD9-E89D-4928-BF4D-27F0FC29CEDA}.Debug|iPhone.Build.0 = Debug|Any CPU
		{E042EDD9-E89D-4928-BF4D-27F0FC29CEDA}.Debug|iPhoneSimulator.ActiveCfg = Debug|Any CPU
		{E042EDD9-E89D-4928-BF4D-27F0FC29CEDA}.Debug|iPhoneSimulator.Build.0 = Debug|Any CPU
		{E042EDD9-E89D-4928-BF4D-27F0FC29CEDA}.Release|Any CPU.ActiveCfg = Release|Any CPU
		{E042EDD9-E89D-4928-BF4D-27F0FC29CEDA}.Release|Any CPU.Build.0 = Release|Any CPU
		{E042EDD9-E89D-4928-BF4D-27F0FC29CEDA}.Release|iPhone.ActiveCfg = Release|Any CPU
		{E042EDD9-E89D-4928-BF4D-27F0FC29CEDA}.Release|iPhone.Build.0 = Release|Any CPU
		{E042EDD9-E89D-4928-BF4D-27F0FC29CEDA}.Release|iPhoneSimulator.ActiveCfg = Release|Any CPU
		{E042EDD9-E89D-4928-BF4D-27F0FC29CEDA}.Release|iPhoneSimulator.Build.0 = Release|Any CPU
		{EE2D94C9-032E-4EBE-B3D5-6A585D03F188}.Ad-Hoc|iPhone.ActiveCfg = Debug|Any CPU
		{EE2D94C9-032E-4EBE-B3D5-6A585D03F188}.Ad-Hoc|iPhone.Build.0 = Debug|Any CPU
		{EE2D94C9-032E-4EBE-B3D5-6A585D03F188}.AppStore|iPhone.ActiveCfg = Debug|Any CPU
		{EE2D94C9-032E-4EBE-B3D5-6A585D03F188}.AppStore|iPhone.Build.0 = Debug|Any CPU
		{EE2D94C9-032E-4EBE-B3D5-6A585D03F188}.Debug|Any CPU.ActiveCfg = Debug|Any CPU
		{EE2D94C9-032E-4EBE-B3D5-6A585D03F188}.Debug|Any CPU.Build.0 = Debug|Any CPU
		{EE2D94C9-032E-4EBE-B3D5-6A585D03F188}.Debug|iPhone.ActiveCfg = Debug|Any CPU
		{EE2D94C9-032E-4EBE-B3D5-6A585D03F188}.Debug|iPhone.Build.0 = Debug|Any CPU
		{EE2D94C9-032E-4EBE-B3D5-6A585D03F188}.Debug|iPhoneSimulator.ActiveCfg = Debug|Any CPU
		{EE2D94C9-032E-4EBE-B3D5-6A585D03F188}.Debug|iPhoneSimulator.Build.0 = Debug|Any CPU
		{EE2D94C9-032E-4EBE-B3D5-6A585D03F188}.Release|Any CPU.ActiveCfg = Release|Any CPU
		{EE2D94C9-032E-4EBE-B3D5-6A585D03F188}.Release|Any CPU.Build.0 = Release|Any CPU
		{EE2D94C9-032E-4EBE-B3D5-6A585D03F188}.Release|iPhone.ActiveCfg = Release|Any CPU
		{EE2D94C9-032E-4EBE-B3D5-6A585D03F188}.Release|iPhone.Build.0 = Release|Any CPU
		{EE2D94C9-032E-4EBE-B3D5-6A585D03F188}.Release|iPhoneSimulator.ActiveCfg = Release|Any CPU
		{EE2D94C9-032E-4EBE-B3D5-6A585D03F188}.Release|iPhoneSimulator.Build.0 = Release|Any CPU
	EndGlobalSection
	GlobalSection(NestedProjects) = preSolution
		{CFF6F25A-3C3B-44EE-A54C-2ED4AAFF3ADB} = {B9EE8F26-D9B2-4DED-9D52-6AE7D19CD9B6}
		{CAF8935F-56FE-4485-9D34-4A38FE79F6C9} = {B9EE8F26-D9B2-4DED-9D52-6AE7D19CD9B6}
		{BBBCD850-E7CB-4B6C-86D9-CE01F2B1C81C} = {B9EE8F26-D9B2-4DED-9D52-6AE7D19CD9B6}
		{D89351C1-D48F-4AD0-A0B9-353A93425AB7} = {B9EE8F26-D9B2-4DED-9D52-6AE7D19CD9B6}
		{B6E27475-E7D0-448C-A5CC-5097DCA1E2DD} = {B9EE8F26-D9B2-4DED-9D52-6AE7D19CD9B6}
		{7A6BE137-D0F1-46A1-AE5C-81FAEEDDDF02} = {B9EE8F26-D9B2-4DED-9D52-6AE7D19CD9B6}
		{E042EDD9-E89D-4928-BF4D-27F0FC29CEDA} = {B9EE8F26-D9B2-4DED-9D52-6AE7D19CD9B6}
		{64DCD397-9019-41E8-A928-E5F5C5DF185B} = {B9EE8F26-D9B2-4DED-9D52-6AE7D19CD9B6}
		{47FD89C3-19DC-4BD2-9B6D-FB8363BE7EB9} = {B9EE8F26-D9B2-4DED-9D52-6AE7D19CD9B6}
		{913B13B5-7B2C-4DDA-BECB-DADC827ED895} = {B9EE8F26-D9B2-4DED-9D52-6AE7D19CD9B6}
		{72D13EE1-53A3-4A9F-9281-AE44CC5E92AC} = {B9EE8F26-D9B2-4DED-9D52-6AE7D19CD9B6}
		{19EE04D6-7EE0-4FE8-AB10-4623D93F165A} = {B9EE8F26-D9B2-4DED-9D52-6AE7D19CD9B6}
		{EE2D94C9-032E-4EBE-B3D5-6A585D03F188} = {B9EE8F26-D9B2-4DED-9D52-6AE7D19CD9B6}
		{5B8CF261-197A-48AF-BC7C-899CF81AA187} = {B9EE8F26-D9B2-4DED-9D52-6AE7D19CD9B6}
		{60A80EB8-2056-4771-8600-03A8DA417CFB} = {B9EE8F26-D9B2-4DED-9D52-6AE7D19CD9B6}
		{81A58551-7D1C-4687-A5A5-C73EB5F15563} = {B9EE8F26-D9B2-4DED-9D52-6AE7D19CD9B6}
		{59452E25-103C-4677-AB2A-E0D33B9FBDDA} = {B9EE8F26-D9B2-4DED-9D52-6AE7D19CD9B6}
	EndGlobalSection
	GlobalSection(MonoDevelopProperties) = preSolution
		StartupItem = MvxImageViewBindingSample.Touch\MvxImageViewBindingSample.Touch.csproj
	EndGlobalSection
EndGlobal
